
Microsoft Visual Studio Solution File, Format Version 12.00
# Visual Studio 15
VisualStudioVersion = 15.0.27703.2035
MinimumVisualStudioVersion = 10.0.40219.1
Project("{888888A0-9F3D-457C-B088-3A5042F75D52}") = "misc_collection", "misc_collection.pyproj", "{D5FAA99E-F5C1-47AE-9E9F-2C26EE861184}"
EndProject
Global
	GlobalSection(SolutionConfigurationPlatforms) = preSolution
		Debug|Any CPU = Debug|Any CPU
		Release|Any CPU = Release|Any CPU
	EndGlobalSection
	GlobalSection(ProjectConfigurationPlatforms) = postSolution
		{D5FAA99E-F5C1-47AE-9E9F-2C26EE861184}.Debug|Any CPU.ActiveCfg = Debug|Any CPU
		{D5FAA99E-F5C1-47AE-9E9F-2C26EE861184}.Release|Any CPU.ActiveCfg = Release|Any CPU
	EndGlobalSection
	GlobalSection(SolutionProperties) = preSolution
		HideSolutionNode = FALSE
	EndGlobalSection
	GlobalSection(ExtensibilityGlobals) = postSolution
		SolutionGuid = {CBD914D8-0A3A-4A16-B47E-EE49B253A325}
	EndGlobalSection
EndGlobal
